
Microsoft Visual Studio Solution File, Format Version 12.00
# Visual Studio Version 17
VisualStudioVersion = 17.12.35527.113
MinimumVisualStudioVersion = 10.0.40219.1
Project("{FAE04EC0-301F-11D3-BF4B-00C04F79EFBC}") = "LOM.API", "LOM.API\LOM.API.csproj", "{F9ED4D4A-8306-43B0-BFB0-A931423FCC06}"
EndProject
Project("{FAE04EC0-301F-11D3-BF4B-00C04F79EFBC}") = "LOM.API.Tests", "LOM.API.Tests\LOM.API.Tests.csproj", "{4C378F0C-92AC-4A6B-9492-37ABC3480984}"
EndProject
Global
	GlobalSection(SolutionConfigurationPlatforms) = preSolution
		Debug|Any CPU = Debug|Any CPU
		Release|Any CPU = Release|Any CPU
	EndGlobalSection
	GlobalSection(ProjectConfigurationPlatforms) = postSolution
		{F9ED4D4A-8306-43B0-BFB0-A931423FCC06}.Debug|Any CPU.ActiveCfg = Debug|Any CPU
		{F9ED4D4A-8306-43B0-BFB0-A931423FCC06}.Debug|Any CPU.Build.0 = Debug|Any CPU
		{F9ED4D4A-8306-43B0-BFB0-A931423FCC06}.Release|Any CPU.ActiveCfg = Release|Any CPU
		{F9ED4D4A-8306-43B0-BFB0-A931423FCC06}.Release|Any CPU.Build.0 = Release|Any CPU
		{4C378F0C-92AC-4A6B-9492-37ABC3480984}.Debug|Any CPU.ActiveCfg = Debug|Any CPU
		{4C378F0C-92AC-4A6B-9492-37ABC3480984}.Debug|Any CPU.Build.0 = Debug|Any CPU
		{4C378F0C-92AC-4A6B-9492-37ABC3480984}.Release|Any CPU.ActiveCfg = Release|Any CPU
		{4C378F0C-92AC-4A6B-9492-37ABC3480984}.Release|Any CPU.Build.0 = Release|Any CPU
	EndGlobalSection
	GlobalSection(SolutionProperties) = preSolution
		HideSolutionNode = FALSE
	EndGlobalSection
EndGlobal
